
Microsoft Visual Studio Solution File, Format Version 12.00
# Visual Studio Version 17
VisualStudioVersion = 17.8.34408.163
MinimumVisualStudioVersion = 10.0.40219.1
Project("{2150E333-8FDC-42A3-9474-1A3956D46DE8}") = "Src", "Src", "{A650564D-BACF-49AC-AFE0-12C6073EBEFA}"
EndProject
Project("{2150E333-8FDC-42A3-9474-1A3956D46DE8}") = "Services", "Services", "{D77D929F-0457-4CE7-BDF4-30E282051147}"
EndProject
Project("{2150E333-8FDC-42A3-9474-1A3956D46DE8}") = "IDPService", "IDPService", "{861F092F-1F1F-4BA7-B665-154DFDC7173A}"
EndProject
Project("{FAE04EC0-301F-11D3-BF4B-00C04F79EFBC}") = "IDP.Api", "Src\Services\IDPService\IDP.Api\IDP.Api.csproj", "{EBD94737-CB5F-4329-8D24-A61AC3B2B5AE}"
EndProject
Project("{FAE04EC0-301F-11D3-BF4B-00C04F79EFBC}") = "IDP.Application", "Src\Services\IDPService\IDP.Application\IDP.Application.csproj", "{C6AB6556-6CB2-499C-A863-3FCFF2E36348}"
EndProject
Project("{FAE04EC0-301F-11D3-BF4B-00C04F79EFBC}") = "IDP.Domain", "Src\Services\IDPService\IDP.Domain\IDP.Domain.csproj", "{A7F8F6AE-FE7D-49C0-93A2-90E52AD83BDA}"
EndProject
Project("{FAE04EC0-301F-11D3-BF4B-00C04F79EFBC}") = "IDP.Infra", "Src\Services\IDPService\IDP.Infra\IDP.Infra.csproj", "{CDC52E65-792E-4B0E-9B9B-8C34574A05D9}"
EndProject
Project("{FAE04EC0-301F-11D3-BF4B-00C04F79EFBC}") = "IDP.Ioc", "Src\Services\IDPService\IDP.Ioc\IDP.Ioc.csproj", "{6468B454-644A-4D8F-A028-CECFCFFA48BB}"
EndProject
Project("{FAE04EC0-301F-11D3-BF4B-00C04F79EFBC}") = "IDP.UnitTest", "Src\Services\IDPService\IDP.UnitTest\IDP.UnitTest.csproj", "{0A9D4657-8643-4DAB-B049-F787D60F82F0}"
EndProject
Project("{2150E333-8FDC-42A3-9474-1A3956D46DE8}") = "CatalogService", "CatalogService", "{7AA104E7-DD35-42E2-BF58-24F9C7CF36AB}"
EndProject
Project("{2150E333-8FDC-42A3-9474-1A3956D46DE8}") = "SearchService", "SearchService", "{1F28EFA8-348A-444C-8A21-86014D7F6A3C}"
EndProject
Project("{2150E333-8FDC-42A3-9474-1A3956D46DE8}") = "BasketService", "BasketService", "{B0F2289F-BC20-4B93-AD7C-59A9290B06CF}"
EndProject
Project("{2150E333-8FDC-42A3-9474-1A3956D46DE8}") = "OrderService", "OrderService", "{86581850-CDBB-4E33-A66D-9C7865A6EC7B}"
EndProject
Project("{2150E333-8FDC-42A3-9474-1A3956D46DE8}") = "ReportService", "ReportService", "{05C266E7-D2A8-489E-ADB9-7ABD5E7FC76A}"
EndProject
Project("{2150E333-8FDC-42A3-9474-1A3956D46DE8}") = "Common", "Common", "{19D738F9-107E-4272-8E67-D67549DC3D96}"
EndProject
Global
	GlobalSection(SolutionConfigurationPlatforms) = preSolution
		Debug|Any CPU = Debug|Any CPU
		Release|Any CPU = Release|Any CPU
	EndGlobalSection
	GlobalSection(ProjectConfigurationPlatforms) = postSolution
		{EBD94737-CB5F-4329-8D24-A61AC3B2B5AE}.Debug|Any CPU.ActiveCfg = Debug|Any CPU
		{EBD94737-CB5F-4329-8D24-A61AC3B2B5AE}.Debug|Any CPU.Build.0 = Debug|Any CPU
		{EBD94737-CB5F-4329-8D24-A61AC3B2B5AE}.Release|Any CPU.ActiveCfg = Release|Any CPU
		{EBD94737-CB5F-4329-8D24-A61AC3B2B5AE}.Release|Any CPU.Build.0 = Release|Any CPU
		{C6AB6556-6CB2-499C-A863-3FCFF2E36348}.Debug|Any CPU.ActiveCfg = Debug|Any CPU
		{C6AB6556-6CB2-499C-A863-3FCFF2E36348}.Debug|Any CPU.Build.0 = Debug|Any CPU
		{C6AB6556-6CB2-499C-A863-3FCFF2E36348}.Release|Any CPU.ActiveCfg = Release|Any CPU
		{C6AB6556-6CB2-499C-A863-3FCFF2E36348}.Release|Any CPU.Build.0 = Release|Any CPU
		{A7F8F6AE-FE7D-49C0-93A2-90E52AD83BDA}.Debug|Any CPU.ActiveCfg = Debug|Any CPU
		{A7F8F6AE-FE7D-49C0-93A2-90E52AD83BDA}.Debug|Any CPU.Build.0 = Debug|Any CPU
		{A7F8F6AE-FE7D-49C0-93A2-90E52AD83BDA}.Release|Any CPU.ActiveCfg = Release|Any CPU
		{A7F8F6AE-FE7D-49C0-93A2-90E52AD83BDA}.Release|Any CPU.Build.0 = Release|Any CPU
		{CDC52E65-792E-4B0E-9B9B-8C34574A05D9}.Debug|Any CPU.ActiveCfg = Debug|Any CPU
		{CDC52E65-792E-4B0E-9B9B-8C34574A05D9}.Debug|Any CPU.Build.0 = Debug|Any CPU
		{CDC52E65-792E-4B0E-9B9B-8C34574A05D9}.Release|Any CPU.ActiveCfg = Release|Any CPU
		{CDC52E65-792E-4B0E-9B9B-8C34574A05D9}.Release|Any CPU.Build.0 = Release|Any CPU
		{6468B454-644A-4D8F-A028-CECFCFFA48BB}.Debug|Any CPU.ActiveCfg = Debug|Any CPU
		{6468B454-644A-4D8F-A028-CECFCFFA48BB}.Debug|Any CPU.Build.0 = Debug|Any CPU
		{6468B454-644A-4D8F-A028-CECFCFFA48BB}.Release|Any CPU.ActiveCfg = Release|Any CPU
		{6468B454-644A-4D8F-A028-CECFCFFA48BB}.Release|Any CPU.Build.0 = Release|Any CPU
		{0A9D4657-8643-4DAB-B049-F787D60F82F0}.Debug|Any CPU.ActiveCfg = Debug|Any CPU
		{0A9D4657-8643-4DAB-B049-F787D60F82F0}.Debug|Any CPU.Build.0 = Debug|Any CPU
		{0A9D4657-8643-4DAB-B049-F787D60F82F0}.Release|Any CPU.ActiveCfg = Release|Any CPU
		{0A9D4657-8643-4DAB-B049-F787D60F82F0}.Release|Any CPU.Build.0 = Release|Any CPU
	EndGlobalSection
	GlobalSection(SolutionProperties) = preSolution
		HideSolutionNode = FALSE
	EndGlobalSection
	GlobalSection(NestedProjects) = preSolution
		{D77D929F-0457-4CE7-BDF4-30E282051147} = {A650564D-BACF-49AC-AFE0-12C6073EBEFA}
		{861F092F-1F1F-4BA7-B665-154DFDC7173A} = {D77D929F-0457-4CE7-BDF4-30E282051147}
		{EBD94737-CB5F-4329-8D24-A61AC3B2B5AE} = {861F092F-1F1F-4BA7-B665-154DFDC7173A}
		{C6AB6556-6CB2-499C-A863-3FCFF2E36348} = {861F092F-1F1F-4BA7-B665-154DFDC7173A}
		{A7F8F6AE-FE7D-49C0-93A2-90E52AD83BDA} = {861F092F-1F1F-4BA7-B665-154DFDC7173A}
		{CDC52E65-792E-4B0E-9B9B-8C34574A05D9} = {861F092F-1F1F-4BA7-B665-154DFDC7173A}
		{6468B454-644A-4D8F-A028-CECFCFFA48BB} = {861F092F-1F1F-4BA7-B665-154DFDC7173A}
		{0A9D4657-8643-4DAB-B049-F787D60F82F0} = {861F092F-1F1F-4BA7-B665-154DFDC7173A}
		{7AA104E7-DD35-42E2-BF58-24F9C7CF36AB} = {D77D929F-0457-4CE7-BDF4-30E282051147}
		{1F28EFA8-348A-444C-8A21-86014D7F6A3C} = {D77D929F-0457-4CE7-BDF4-30E282051147}
		{B0F2289F-BC20-4B93-AD7C-59A9290B06CF} = {D77D929F-0457-4CE7-BDF4-30E282051147}
		{86581850-CDBB-4E33-A66D-9C7865A6EC7B} = {D77D929F-0457-4CE7-BDF4-30E282051147}
		{05C266E7-D2A8-489E-ADB9-7ABD5E7FC76A} = {D77D929F-0457-4CE7-BDF4-30E282051147}
		{19D738F9-107E-4272-8E67-D67549DC3D96} = {A650564D-BACF-49AC-AFE0-12C6073EBEFA}
	EndGlobalSection
	GlobalSection(ExtensibilityGlobals) = postSolution
		SolutionGuid = {ADBBF866-972A-4724-B7BC-9D3EDFAB00F5}
	EndGlobalSection
EndGlobal
